// !$*UTF8*$!
{
	archiveVersion = 1;
	classes = {
	};
	objectVersion = 46;
	objects = {

/* Begin PBXBuildFile section */
		96064F2C1E0007F0006A5AB1 /* FGSqStack.c in Sources */ = {isa = PBXBuildFile; fileRef = 96064F2A1E0007F0006A5AB1 /* FGSqStack.c */; };
		966C1E911DF82CE10069F945 /* main.c in Sources */ = {isa = PBXBuildFile; fileRef = 966C1E901DF82CE10069F945 /* main.c */; };
		966C1E9C1DF82D870069F945 /* FGLinkList.c in Sources */ = {isa = PBXBuildFile; fileRef = 966C1E9A1DF82D870069F945 /* FGLinkList.c */; };
/* End PBXBuildFile section */

/* Begin PBXCopyFilesBuildPhase section */
		966C1E8B1DF82CE10069F945 /* CopyFiles */ = {
			isa = PBXCopyFilesBuildPhase;
			buildActionMask = 2147483647;
			dstPath = /usr/share/man/man1/;
			dstSubfolderSpec = 0;
			files = (
			);
			runOnlyForDeploymentPostprocessing = 1;
		};
/* End PBXCopyFilesBuildPhase section */

/* Begin PBXFileReference section */
		96064F2A1E0007F0006A5AB1 /* FGSqStack.c */ = {isa = PBXFileReference; fileEncoding = 4; lastKnownFileType = sourcecode.c.c; path = FGSqStack.c; sourceTree = "<group>"; };
		96064F2B1E0007F0006A5AB1 /* FGSqStack.h */ = {isa = PBXFileReference; fileEncoding = 4; lastKnownFileType = sourcecode.c.h; path = FGSqStack.h; sourceTree = "<group>"; };
		966C1E8D1DF82CE10069F945 /* ListDemo */ = {isa = PBXFileReference; explicitFileType = "compiled.mach-o.executable"; includeInIndex = 0; path = ListDemo; sourceTree = BUILT_PRODUCTS_DIR; };
		966C1E901DF82CE10069F945 /* main.c */ = {isa = PBXFileReference; lastKnownFileType = sourcecode.c.c; path = main.c; sourceTree = "<group>"; };
		966C1E9A1DF82D870069F945 /* FGLinkList.c */ = {isa = PBXFileReference; fileEncoding = 4; lastKnownFileType = sourcecode.c.c; path = FGLinkList.c; sourceTree = "<group>"; };
		966C1E9B1DF82D870069F945 /* FGLinkList.h */ = {isa = PBXFileReference; fileEncoding = 4; lastKnownFileType = sourcecode.c.h; path = FGLinkList.h; sourceTree = "<group>"; };
		966C1E9D1DF82E610069F945 /* CommonDefine.h */ = {isa = PBXFileReference; lastKnownFileType = sourcecode.c.h; path = CommonDefine.h; sourceTree = "<group>"; };
/* End PBXFileReference section */

/* Begin PBXFrameworksBuildPhase section */
		966C1E8A1DF82CE10069F945 /* Frameworks */ = {
			isa = PBXFrameworksBuildPhase;
			buildActionMask = 2147483647;
			files = (
			);
			runOnlyForDeploymentPostprocessing = 0;
		};
/* End PBXFrameworksBuildPhase section */

/* Begin PBXGroup section */
		966C1E841DF82CE10069F945 = {
			isa = PBXGroup;
			children = (
				966C1E8F1DF82CE10069F945 /* ListDemo */,
				966C1E8E1DF82CE10069F945 /* Products */,
			);
			sourceTree = "<group>";
		};
		966C1E8E1DF82CE10069F945 /* Products */ = {
			isa = PBXGroup;
			children = (
				966C1E8D1DF82CE10069F945 /* ListDemo */,
			);
			name = Products;
			sourceTree = "<group>";
		};
		966C1E8F1DF82CE10069F945 /* ListDemo */ = {
			isa = PBXGroup;
			children = (
				966C1E901DF82CE10069F945 /* main.c */,
				966C1E9D1DF82E610069F945 /* CommonDefine.h */,
				966C1E9B1DF82D870069F945 /* FGLinkList.h */,
				966C1E9A1DF82D870069F945 /* FGLinkList.c */,
				96064F2B1E0007F0006A5AB1 /* FGSqStack.h */,
				96064F2A1E0007F0006A5AB1 /* FGSqStack.c */,
			);
			path = ListDemo;
			sourceTree = "<group>";
		};
/* End PBXGroup section */

/* Begin PBXNativeTarget section */
		966C1E8C1DF82CE10069F945 /* ListDemo */ = {
			isa = PBXNativeTarget;
			buildConfigurationList = 966C1E941DF82CE10069F945 /* Build configuration list for PBXNativeTarget "ListDemo" */;
			buildPhases = (
				966C1E891DF82CE10069F945 /* Sources */,
				966C1E8A1DF82CE10069F945 /* Frameworks */,
				966C1E8B1DF82CE10069F945 /* CopyFiles */,
			);
			buildRules = (
			);
			dependencies = (
			);
			name = ListDemo;
			productName = ListDemo;
			productReference = 966C1E8D1DF82CE10069F945 /* ListDemo */;
			productType = "com.apple.product-type.tool";
		};
/* End PBXNativeTarget section */

/* Begin PBXProject section */
		966C1E851DF82CE10069F945 /* Project object */ = {
			isa = PBXProject;
			attributes = {
				LastUpgradeCheck = 0810;
				ORGANIZATIONNAME = "foogrywang(王中周)";
				TargetAttributes = {
					966C1E8C1DF82CE10069F945 = {
						CreatedOnToolsVersion = 8.1;
						DevelopmentTeam = 6V8LA8NXYY;
						ProvisioningStyle = Automatic;
					};
				};
			};
			buildConfigurationList = 966C1E881DF82CE10069F945 /* Build configuration list for PBXProject "ListDemo" */;
			compatibilityVersion = "Xcode 3.2";
			developmentRegion = English;
			hasScannedForEncodings = 0;
			knownRegions = (
				en,
			);
			mainGroup = 966C1E841DF82CE10069F945;
			productRefGroup = 966C1E8E1DF82CE10069F945 /* Products */;
			projectDirPath = "";
			projectRoot = "";
			targets = (
				966C1E8C1DF82CE10069F945 /* ListDemo */,
			);
		};
/* End PBXProject section */

/* Begin PBXSourcesBuildPhase section */
		966C1E891DF82CE10069F945 /* Sources */ = {
			isa = PBXSourcesBuildPhase;
			buildActionMask = 2147483647;
			files = (
				96064F2C1E0007F0006A5AB1 /* FGSqStack.c in Sources */,
				966C1E9C1DF82D870069F945 /* FGLinkList.c in Sources */,
				966C1E911DF82CE10069F945 /* main.c in Sources */,
			);
			runOnlyForDeploymentPostprocessing = 0;
		};
/* End PBXSourcesBuildPhase section */

/* Begin XCBuildConfiguration section */
		966C1E921DF82CE10069F945 /* Debug */ = {
			isa = XCBuildConfiguration;
			buildSettings = {
				ALWAYS_SEARCH_USER_PATHS = NO;
				CLANG_ANALYZER_NONNULL = YES;
				CLANG_CXX_LANGUAGE_STANDARD = "gnu++0x";
				CLANG_CXX_LIBRARY = "libc++";
				CLANG_ENABLE_MODULES = YES;
				CLANG_ENABLE_OBJC_ARC = YES;
				CLANG_WARN_BOOL_CONVERSION = YES;
				CLANG_WARN_CONSTANT_CONVERSION = YES;
				CLANG_WARN_DIRECT_OBJC_ISA_USAGE = YES_ERROR;
				CLANG_WARN_DOCUMENTATION_COMMENTS = YES;
				CLANG_WARN_EMPTY_BODY = YES;
				CLANG_WARN_ENUM_CONVERSION = YES;
				CLANG_WARN_INFINITE_RECURSION = YES;
				CLANG_WARN_INT_CONVERSION = YES;
				CLANG_WARN_OBJC_ROOT_CLASS = YES_ERROR;
				CLANG_WARN_SUSPICIOUS_MOVES = YES;
				CLANG_WARN_UNREACHABLE_CODE = YES;
				CLANG_WARN__DUPLICATE_METHOD_MATCH = YES;
				CODE_SIGN_IDENTITY = "-";
				COPY_PHASE_STRIP = NO;
				DEBUG_INFORMATION_FORMAT = dwarf;
				ENABLE_STRICT_OBJC_MSGSEND = YES;
				ENABLE_TESTABILITY = YES;
				GCC_C_LANGUAGE_STANDARD = gnu99;
				GCC_DYNAMIC_NO_PIC = NO;
				GCC_NO_COMMON_BLOCKS = YES;
				GCC_OPTIMIZATION_LEVEL = 0;
				GCC_PREPROCESSOR_DEFINITIONS = (
					"DEBUG=1",
					"$(inherited)",
				);
				GCC_WARN_64_TO_32_BIT_CONVERSION = YES;
				GCC_WARN_ABOUT_RETURN_TYPE = YES_ERROR;
				GCC_WARN_UNDECLARED_SELECTOR = YES;
				GCC_WARN_UNINITIALIZED_AUTOS = YES_AGGRESSIVE;
				GCC_WARN_UNUSED_FUNCTION = YES;
				GCC_WARN_UNUSED_VARIABLE = YES;
				MACOSX_DEPLOYMENT_TARGET = 10.11;
				MTL_ENABLE_DEBUG_INFO = YES;
				ONLY_ACTIVE_ARCH = YES;
				SDKROOT = macosx;
			};
			name = Debug;
		};
		966C1E931DF82CE10069F945 /* Release */ = {
			isa = XCBuildConfiguration;
			buildSettings = {
				ALWAYS_SEARCH_USER_PATHS = NO;
				CLANG_ANALYZER_NONNULL = YES;
				CLANG_CXX_LANGUAGE_STANDARD = "gnu++0x";
				CLANG_CXX_LIBRARY = "libc++";
				CLANG_ENABLE_MODULES = YES;
				CLANG_ENABLE_OBJC_ARC = YES;
				CLANG_WARN_BOOL_CONVERSION = YES;
				CLANG_WARN_CONSTANT_CONVERSION = YES;
				CLANG_WARN_DIRECT_OBJC_ISA_USAGE = YES_ERROR;
				CLANG_WARN_DOCUMENTATION_COMMENTS = YES;
				CLANG_WARN_EMPTY_BODY = YES;
				CLANG_WARN_ENUM_CONVERSION = YES;
				CLANG_WARN_INFINITE_RECURSION = YES;
				CLANG_WARN_INT_CONVERSION = YES;
				CLANG_WARN_OBJC_ROOT_CLASS = YES_ERROR;
				CLANG_WARN_SUSPICIOUS_MOVES = YES;
				CLANG_WARN_UNREACHABLE_CODE = YES;
				CLANG_WARN__DUPLICATE_METHOD_MATCH = YES;
				CODE_SIGN_IDENTITY = "-";
				COPY_PHASE_STRIP = NO;
				DEBUG_INFORMATION_FORMAT = "dwarf-with-dsym";
				ENABLE_NS_ASSERTIONS = NO;
				ENABLE_STRICT_OBJC_MSGSEND = YES;
				GCC_C_LANGUAGE_STANDARD = gnu99;
				GCC_NO_COMMON_BLOCKS = YES;
				GCC_WARN_64_TO_32_BIT_CONVERSION = YES;
				GCC_WARN_ABOUT_RETURN_TYPE = YES_ERROR;
				GCC_WARN_UNDECLARED_SELECTOR = YES;
				GCC_WARN_UNINITIALIZED_AUTOS = YES_AGGRESSIVE;
				GCC_WARN_UNUSED_FUNCTION = YES;
				GCC_WARN_UNUSED_VARIABLE = YES;
				MACOSX_DEPLOYMENT_TARGET = 10.11;
				MTL_ENABLE_DEBUG_INFO = NO;
				SDKROOT = macosx;
			};
			name = Release;
		};
		966C1E951DF82CE10069F945 /* Debug */ = {
			isa = XCBuildConfiguration;
			buildSettings = {
				DEVELOPMENT_TEAM = 6V8LA8NXYY;
				PRODUCT_NAME = "$(TARGET_NAME)";
			};
			name = Debug;
		};
		966C1E961DF82CE10069F945 /* Release */ = {
			isa = XCBuildConfiguration;
			buildSettings = {
				DEVELOPMENT_TEAM = 6V8LA8NXYY;
				PRODUCT_NAME = "$(TARGET_NAME)";
			};
			name = Release;
		};
/* End XCBuildConfiguration section */

/* Begin XCConfigurationList section */
		966C1E881DF82CE10069F945 /* Build configuration list for PBXProject "ListDemo" */ = {
			isa = XCConfigurationList;
			buildConfigurations = (
				966C1E921DF82CE10069F945 /* Debug */,
				966C1E931DF82CE10069F945 /* Release */,
			);
			defaultConfigurationIsVisible = 0;
			defaultConfigurationName = Release;
		};
		966C1E941DF82CE10069F945 /* Build configuration list for PBXNativeTarget "ListDemo" */ = {
			isa = XCConfigurationList;
			buildConfigurations = (
				966C1E951DF82CE10069F945 /* Debug */,
				966C1E961DF82CE10069F945 /* Release */,
			);
			defaultConfigurationIsVisible = 0;
			defaultConfigurationName = Release;
		};
/* End XCConfigurationList section */
	};
	rootObject = 966C1E851DF82CE10069F945 /* Project object */;
}
